{
  "version": 4,
  "terraform_version": "1.14.8",
  "serial": 7,
  "lineage": "ba0d728f-38fd-ecde-80e4-d05e7f84b54c",
  "outputs": {
    "dynamodb_lock_table_arn": {
      "value": "arn:aws:dynamodb:us-east-2:663476173962:table/uniops-terraform-locks",
      "type": "string"
    },
    "dynamodb_lock_table_name": {
      "value": "uniops-terraform-locks",
      "type": "string"
    },
    "ecr_backend_repository_arn": {
      "value": "arn:aws:ecr:us-east-2:663476173962:repository/uniops-backend",
      "type": "string"
    },
    "ecr_backend_repository_url": {
      "value": "663476173962.dkr.ecr.us-east-2.amazonaws.com/uniops-backend",
      "type": "string"
    },
    "ecr_frontend_repository_arn": {
      "value": "arn:aws:ecr:us-east-2:663476173962:repository/uniops-frontend",
      "type": "string"
    },
    "ecr_frontend_repository_url": {
      "value": "663476173962.dkr.ecr.us-east-2.amazonaws.com/uniops-frontend",
      "type": "string"
    },
    "state_bucket_arn": {
      "value": "arn:aws:s3:::uniops-663476173962-tfstate",
      "type": "string"
    },
    "state_bucket_name": {
      "value": "uniops-663476173962-tfstate",
      "type": "string"
    },
    "state_bucket_versioning_enabled": {
      "value": "Enabled",
      "type": "string"
    }
  },
  "resources": [
    {
      "mode": "managed",
      "type": "aws_dynamodb_table",
      "name": "terraform_locks",
      "provider": "provider[\"registry.terraform.io/hashicorp/aws\"]",
      "instances": [
        {
          "schema_version": 1,
          "attributes": {
            "arn": "arn:aws:dynamodb:us-east-2:663476173962:table/uniops-terraform-locks",
            "attribute": [
              {
                "name": "LockID",
                "type": "S"
              }
            ],
            "billing_mode": "PAY_PER_REQUEST",
            "deletion_protection_enabled": false,
            "global_secondary_index": [],
            "hash_key": "LockID",
            "id": "uniops-terraform-locks",
            "import_table": [],
            "local_secondary_index": [],
            "name": "uniops-terraform-locks",
            "on_demand_throughput": [],
            "point_in_time_recovery": [
              {
                "enabled": false,
                "recovery_period_in_days": 0
              }
            ],
            "range_key": null,
            "read_capacity": 0,
            "replica": [],
            "restore_date_time": null,
            "restore_source_name": null,
            "restore_source_table_arn": null,
            "restore_to_latest_time": null,
            "server_side_encryption": [],
            "stream_arn": "",
            "stream_enabled": false,
            "stream_label": "",
            "stream_view_type": "",
            "table_class": "STANDARD",
            "tags": {
              "Name": "Terraform Lock Table",
              "Tier": "shared"
            },
            "tags_all": {
              "Environment": "shared",
              "Layer": "bootstrap",
              "ManagedBy": "Terraform",
              "Name": "Terraform Lock Table",
              "Project": "UniOps",
              "Tier": "shared"
            },
            "timeouts": null,
            "ttl": [
              {
                "attribute_name": "",
                "enabled": false
              }
            ],
            "write_capacity": 0
          },
          "sensitive_attributes": [],
          "identity_schema_version": 0,
          "private": "eyJlMmJmYjczMC1lY2FhLTExZTYtOGY4OC0zNDM2M2JjN2M0YzAiOnsiY3JlYXRlIjoxODAwMDAwMDAwMDAwLCJkZWxldGUiOjYwMDAwMDAwMDAwMCwidXBkYXRlIjozNjAwMDAwMDAwMDAwfSwic2NoZW1hX3ZlcnNpb24iOiIxIn0="
        }
      ]
    },
    {
      "mode": "managed",
      "type": "aws_ecr_repository",
      "name": "backend",
      "provider": "provider[\"registry.terraform.io/hashicorp/aws\"]",
      "instances": [
        {
          "schema_version": 0,
          "attributes": {
            "arn": "arn:aws:ecr:us-east-2:663476173962:repository/uniops-backend",
            "encryption_configuration": [
              {
                "encryption_type": "AES256",
                "kms_key": ""
              }
            ],
            "force_delete": null,
            "id": "uniops-backend",
            "image_scanning_configuration": [
              {
                "scan_on_push": false
              }
            ],
            "image_tag_mutability": "MUTABLE",
            "name": "uniops-backend",
            "registry_id": "663476173962",
            "repository_url": "663476173962.dkr.ecr.us-east-2.amazonaws.com/uniops-backend",
            "tags": {
              "Component": "backend",
              "Owner": "uniops-app"
            },
            "tags_all": {
              "Component": "backend",
              "Environment": "shared",
              "Layer": "bootstrap",
              "ManagedBy": "Terraform",
              "Owner": "uniops-app",
              "Project": "UniOps"
            },
            "timeouts": null
          },
          "sensitive_attributes": [],
          "identity_schema_version": 0,
          "private": "eyJlMmJmYjczMC1lY2FhLTExZTYtOGY4OC0zNDM2M2JjN2M0YzAiOnsiZGVsZXRlIjoxMjAwMDAwMDAwMDAwfX0="
        }
      ]
    },
    {
      "mode": "managed",
      "type": "aws_ecr_repository",
      "name": "frontend",
      "provider": "provider[\"registry.terraform.io/hashicorp/aws\"]",
      "instances": [
        {
          "schema_version": 0,
          "attributes": {
            "arn": "arn:aws:ecr:us-east-2:663476173962:repository/uniops-frontend",
            "encryption_configuration": [
              {
                "encryption_type": "AES256",
                "kms_key": ""
              }
            ],
            "force_delete": null,
            "id": "uniops-frontend",
            "image_scanning_configuration": [
              {
                "scan_on_push": false
              }
            ],
            "image_tag_mutability": "MUTABLE",
            "name": "uniops-frontend",
            "registry_id": "663476173962",
            "repository_url": "663476173962.dkr.ecr.us-east-2.amazonaws.com/uniops-frontend",
            "tags": {
              "Component": "frontend",
              "Owner": "uniops-app"
            },
            "tags_all": {
              "Component": "frontend",
              "Environment": "shared",
              "Layer": "bootstrap",
              "ManagedBy": "Terraform",
              "Owner": "uniops-app",
              "Project": "UniOps"
            },
            "timeouts": null
          },
          "sensitive_attributes": [],
          "identity_schema_version": 0,
          "private": "eyJlMmJmYjczMC1lY2FhLTExZTYtOGY4OC0zNDM2M2JjN2M0YzAiOnsiZGVsZXRlIjoxMjAwMDAwMDAwMDAwfX0="
        }
      ]
    },
    {
      "mode": "managed",
      "type": "aws_s3_bucket",
      "name": "terraform_state",
      "provider": "provider[\"registry.terraform.io/hashicorp/aws\"]",
      "instances": [
        {
          "schema_version": 0,
          "attributes": {
            "acceleration_status": "",
            "acl": null,
            "arn": "arn:aws:s3:::uniops-663476173962-tfstate",
            "bucket": "uniops-663476173962-tfstate",
            "bucket_domain_name": "uniops-663476173962-tfstate.s3.amazonaws.com",
            "bucket_prefix": "",
            "bucket_regional_domain_name": "uniops-663476173962-tfstate.s3.us-east-2.amazonaws.com",
            "cors_rule": [],
            "force_destroy": false,
            "grant": [
              {
                "id": "0eeebeb2dd21fbf2fe0b1e3a0339170b5198906fe886279d275a8cc7971ab15a",
                "permissions": [
                  "FULL_CONTROL"
                ],
                "type": "CanonicalUser",
                "uri": ""
              }
            ],
            "hosted_zone_id": "Z2O1EMRO9K5GLX",
            "id": "uniops-663476173962-tfstate",
            "lifecycle_rule": [],
            "logging": [],
            "object_lock_configuration": [],
            "object_lock_enabled": false,
            "policy": "",
            "region": "us-east-2",
            "replication_configuration": [],
            "request_payer": "BucketOwner",
            "server_side_encryption_configuration": [
              {
                "rule": [
                  {
                    "apply_server_side_encryption_by_default": [
                      {
                        "kms_master_key_id": "",
                        "sse_algorithm": "AES256"
                      }
                    ],
                    "bucket_key_enabled": false
                  }
                ]
              }
            ],
            "tags": {
              "Name": "Terraform State",
              "Tier": "shared"
            },
            "tags_all": {
              "Environment": "shared",
              "Layer": "bootstrap",
              "ManagedBy": "Terraform",
              "Name": "Terraform State",
              "Project": "UniOps",
              "Tier": "shared"
            },
            "timeouts": null,
            "versioning": [
              {
                "enabled": false,
                "mfa_delete": false
              }
            ],
            "website": [],
            "website_domain": null,
            "website_endpoint": null
          },
          "sensitive_attributes": [],
          "identity_schema_version": 0,
          "private": "eyJlMmJmYjczMC1lY2FhLTExZTYtOGY4OC0zNDM2M2JjN2M0YzAiOnsiY3JlYXRlIjoxMjAwMDAwMDAwMDAwLCJkZWxldGUiOjM2MDAwMDAwMDAwMDAsInJlYWQiOjEyMDAwMDAwMDAwMDAsInVwZGF0ZSI6MTIwMDAwMDAwMDAwMH19"
        }
      ]
    },
    {
      "mode": "managed",
      "type": "aws_s3_bucket_public_access_block",
      "name": "terraform_state",
      "provider": "provider[\"registry.terraform.io/hashicorp/aws\"]",
      "instances": [
        {
          "schema_version": 0,
          "attributes": {
            "block_public_acls": true,
            "block_public_policy": true,
            "bucket": "uniops-663476173962-tfstate",
            "id": "uniops-663476173962-tfstate",
            "ignore_public_acls": true,
            "restrict_public_buckets": true
          },
          "sensitive_attributes": [],
          "identity_schema_version": 0,
          "private": "bnVsbA==",
          "dependencies": [
            "aws_s3_bucket.terraform_state"
          ]
        }
      ]
    },
    {
      "mode": "managed",
      "type": "aws_s3_bucket_server_side_encryption_configuration",
      "name": "terraform_state",
      "provider": "provider[\"registry.terraform.io/hashicorp/aws\"]",
      "instances": [
        {
          "schema_version": 0,
          "attributes": {
            "bucket": "uniops-663476173962-tfstate",
            "expected_bucket_owner": "",
            "id": "uniops-663476173962-tfstate",
            "rule": [
              {
                "apply_server_side_encryption_by_default": [
                  {
                    "kms_master_key_id": "",
                    "sse_algorithm": "AES256"
                  }
                ],
                "bucket_key_enabled": null
              }
            ]
          },
          "sensitive_attributes": [],
          "identity_schema_version": 0,
          "private": "bnVsbA==",
          "dependencies": [
            "aws_s3_bucket.terraform_state"
          ]
        }
      ]
    },
    {
      "mode": "managed",
      "type": "aws_s3_bucket_versioning",
      "name": "terraform_state",
      "provider": "provider[\"registry.terraform.io/hashicorp/aws\"]",
      "instances": [
        {
          "schema_version": 0,
          "attributes": {
            "bucket": "uniops-663476173962-tfstate",
            "expected_bucket_owner": "",
            "id": "uniops-663476173962-tfstate",
            "mfa": null,
            "versioning_configuration": [
              {
                "mfa_delete": "",
                "status": "Enabled"
              }
            ]
          },
          "sensitive_attributes": [],
          "identity_schema_version": 0,
          "private": "bnVsbA==",
          "dependencies": [
            "aws_s3_bucket.terraform_state"
          ]
        }
      ]
    }
  ],
  "check_results": null
}
