{
  "version": 4,
  "terraform_version": "1.14.8",
  "serial": 492,
  "lineage": "4851fc66-fd78-e9d4-8229-42e49e7695fd",
  "outputs": {},
  "resources": [
    {
      "module": "module.eks",
      "mode": "managed",
      "type": "aws_eks_cluster",
      "name": "main",
      "provider": "provider[\"registry.terraform.io/hashicorp/aws\"]",
      "instances": [
        {
          "schema_version": 1,
          "attributes": {
            "access_config": [
              {
                "authentication_mode": "CONFIG_MAP",
                "bootstrap_cluster_creator_admin_permissions": true
              }
            ],
            "arn": "arn:aws:eks:us-east-2:180840261837:cluster/uniops-eks-dev",
            "bootstrap_self_managed_addons": true,
            "certificate_authority": [
              {
                "data": "LS0tLS1CRUdJTiBDRVJUSUZJQ0FURS0tLS0tCk1JSURCVENDQWUyZ0F3SUJBZ0lJQk9aR2JIU1RSS0F3RFFZSktvWklodmNOQVFFTEJRQXdGVEVUTUJFR0ExVUUKQXhNS2EzVmlaWEp1WlhSbGN6QWVGdzB5TmpBMk1ETXhOVEExTVROYUZ3MHpOakExTXpFeE5URXdNVE5hTUJVeApFekFSQmdOVkJBTVRDbXQxWW1WeWJtVjBaWE13Z2dFaU1BMEdDU3FHU0liM0RRRUJBUVVBQTRJQkR3QXdnZ0VLCkFvSUJBUURWS1dUUzBrV1ZhcFFyMmgyYTVVQ2xQeXdKcnJuanRCdC80REo3MXcwMEhOK002TERLaXlvd2NLY0YKeFl3M2ZTTzEzSGpORGdpdzhTUDNVK1ZRNTN6K0tUMjNBSmcrUmZtUGRGdjlkU1pMSDhGQTh5bXZpNW42MytLawo1TndGMVluYjJ0TXlRY2ptK0hUd00rbGpHU0JCakR3b2hGdFZjQ0J1ZTErTmx3UWFoanJJbHBSMTE2VTRPUCtqCnNUQTd1UHVibUQ5SHZnOXlOSHhNYlE5cmUzeUVMVk9qUUJQYUpNdUhqOE9rM0RBMDBncGdDelBlOXFmMENSeXgKNldyMENVZUJNakhYUnlmQ1RCUzFOdTltc24xUFpMYjlnTG1rNDAxZVhtbHcvbm81OEdIeGRzNGZmdGY3YUMvTgpGZ3RUUlIyTTBQYlBtYzhoNk81QnkrQUtrOU96QWdNQkFBR2pXVEJYTUE0R0ExVWREd0VCL3dRRUF3SUNwREFQCkJnTlZIUk1CQWY4RUJUQURBUUgvTUIwR0ExVWREZ1FXQkJTN0NSYmFBSGljeUgvNHZrUW8rNmd6Z0FxRUlEQVYKQmdOVkhSRUVEakFNZ2dwcmRXSmxjbTVsZEdWek1BMEdDU3FHU0liM0RRRUJDd1VBQTRJQkFRQUpRcS9uM1g4SwpJdkZYbkVUcm11RGcvVmhFM0VSTWpJQ3JtTDR1WW5VYzRsb0cvVDZyWkRCNUxCOGlBN3BzZXVXaEtjWU1samllCi81L3JjWGtSV2M3TTVRbjYxWGdXcWhLL3pUbXM1UE9YdXh0Snl2WHpZeU9vemZNYnRuTWUyUzBYZ3dCL3RmNk0KZDFIelVCSmU1Z2V3NW9EZ0ZIZ1U3dHc0clRpUTZyWDZNUjQ3UDVCeDQxb29jTk54L01zb0htV1FpSnZ5OXkwbQprTFczUjNtVUZ0THEvR2JZanhNNVBud1RCdE5rUGpzaU0rQTNHUXl4YjBLRFlkNVFrTy8xWklDb2ZPUjhta0NNCi8wblpOc3Y1Rm5wQmdPZE9zaUtpOE10V3k3L1h2NndNdzZpOTBVQlhOcWk3UXAwSVFvNlJWU3VVOXBRakwvQ1oKMWZMRjlYT0JKOXJCCi0tLS0tRU5EIENFUlRJRklDQVRFLS0tLS0K"
              }
            ],
            "cluster_id": null,
            "compute_config": [
              {
                "enabled": false,
                "node_pools": [],
                "node_role_arn": ""
              }
            ],
            "control_plane_scaling_config": [
              {
                "tier": "standard"
              }
            ],
            "created_at": "2026-06-03T15:06:18Z",
            "deletion_protection": false,
            "enabled_cluster_log_types": [],
            "encryption_config": [],
            "endpoint": "https://B8752D410EA4E3B11006E93805067CC4.gr7.us-east-2.eks.amazonaws.com",
            "force_update_version": null,
            "id": "uniops-eks-dev",
            "identity": [
              {
                "oidc": [
                  {
                    "issuer": "https://oidc.eks.us-east-2.amazonaws.com/id/B8752D410EA4E3B11006E93805067CC4"
                  }
                ]
              }
            ],
            "kubernetes_network_config": [
              {
                "elastic_load_balancing": [
                  {
                    "enabled": false
                  }
                ],
                "ip_family": "ipv4",
                "service_ipv4_cidr": "172.20.0.0/16",
                "service_ipv6_cidr": ""
              }
            ],
            "name": "uniops-eks-dev",
            "outpost_config": [],
            "platform_version": "eks.69",
            "region": "us-east-2",
            "remote_network_config": [],
            "role_arn": "arn:aws:iam::180840261837:role/uniops-eks-cluster-role",
            "status": "ACTIVE",
            "storage_config": [
              {
                "block_storage": [
                  {
                    "enabled": false
                  }
                ]
              }
            ],
            "tags": {},
            "tags_all": {},
            "timeouts": null,
            "upgrade_policy": [
              {
                "support_type": "EXTENDED"
              }
            ],
            "version": "1.30",
            "vpc_config": [
              {
                "cluster_security_group_id": "sg-0f3474e81f7d964a3",
                "endpoint_private_access": true,
                "endpoint_public_access": true,
                "public_access_cidrs": [
                  "0.0.0.0/0"
                ],
                "security_group_ids": [
                  "sg-03c79f89ec2d865c0"
                ],
                "subnet_ids": [
                  "subnet-01f39508548a5e1d4",
                  "subnet-0bf53bbc9eb9a6a21"
                ],
                "vpc_id": "vpc-0a0073d556bd28a55"
              }
            ],
            "zonal_shift_config": []
          },
          "sensitive_attributes": [],
          "identity_schema_version": 0,
          "identity": {
            "account_id": "180840261837",
            "name": "uniops-eks-dev",
            "region": "us-east-2"
          },
          "private": "eyJlMmJmYjczMC1lY2FhLTExZTYtOGY4OC0zNDM2M2JjN2M0YzAiOnsiY3JlYXRlIjoxODAwMDAwMDAwMDAwLCJkZWxldGUiOjkwMDAwMDAwMDAwMCwidXBkYXRlIjozNjAwMDAwMDAwMDAwfSwic2NoZW1hX3ZlcnNpb24iOiIxIn0=",
          "dependencies": [
            "module.eks.aws_iam_role.cluster",
            "module.eks.aws_iam_role_policy_attachment.cluster_AmazonEKSClusterPolicy",
            "module.eks.aws_security_group.eks_cluster",
            "module.networking.aws_subnet.private",
            "module.networking.aws_vpc.main"
          ]
        }
      ]
    },
    {
      "module": "module.eks",
      "mode": "managed",
      "type": "aws_iam_role",
      "name": "cluster",
      "provider": "provider[\"registry.terraform.io/hashicorp/aws\"]",
      "instances": [
        {
          "schema_version": 0,
          "attributes": {
            "arn": "arn:aws:iam::180840261837:role/uniops-eks-cluster-role",
            "assume_role_policy": "{\"Statement\":[{\"Action\":\"sts:AssumeRole\",\"Effect\":\"Allow\",\"Principal\":{\"Service\":\"eks.amazonaws.com\"}}],\"Version\":\"2012-10-17\"}",
            "create_date": "2026-06-03T15:05:59Z",
            "description": "",
            "force_detach_policies": false,
            "id": "uniops-eks-cluster-role",
            "inline_policy": [],
            "managed_policy_arns": [
              "arn:aws:iam::aws:policy/AmazonEKSClusterPolicy"
            ],
            "max_session_duration": 3600,
            "name": "uniops-eks-cluster-role",
            "name_prefix": "",
            "path": "/",
            "permissions_boundary": "",
            "tags": {},
            "tags_all": {},
            "unique_id": "AROASUGXLNDGU3J3C6VUX"
          },
          "sensitive_attributes": [],
          "identity_schema_version": 0,
          "identity": {
            "account_id": "180840261837",
            "name": "uniops-eks-cluster-role"
          },
          "private": "bnVsbA=="
        }
      ]
    },
    {
      "module": "module.eks",
      "mode": "managed",
      "type": "aws_iam_role_policy_attachment",
      "name": "cluster_AmazonEKSClusterPolicy",
      "provider": "provider[\"registry.terraform.io/hashicorp/aws\"]",
      "instances": [
        {
          "schema_version": 0,
          "attributes": {
            "id": "uniops-eks-cluster-role/arn:aws:iam::aws:policy/AmazonEKSClusterPolicy",
            "policy_arn": "arn:aws:iam::aws:policy/AmazonEKSClusterPolicy",
            "role": "uniops-eks-cluster-role"
          },
          "sensitive_attributes": [],
          "identity_schema_version": 0,
          "identity": {
            "account_id": "180840261837",
            "policy_arn": "arn:aws:iam::aws:policy/AmazonEKSClusterPolicy",
            "role": "uniops-eks-cluster-role"
          },
          "private": "bnVsbA==",
          "dependencies": [
            "module.eks.aws_iam_role.cluster"
          ]
        }
      ]
    },
    {
      "module": "module.eks",
      "mode": "managed",
      "type": "aws_security_group",
      "name": "eks_cluster",
      "provider": "provider[\"registry.terraform.io/hashicorp/aws\"]",
      "instances": [
        {
          "schema_version": 1,
          "attributes": {
            "arn": "arn:aws:ec2:us-east-2:180840261837:security-group/sg-03c79f89ec2d865c0",
            "description": "EKS cluster security group",
            "egress": [
              {
                "cidr_blocks": [
                  "0.0.0.0/0"
                ],
                "description": "",
                "from_port": 0,
                "ipv6_cidr_blocks": [],
                "prefix_list_ids": [],
                "protocol": "-1",
                "security_groups": [],
                "self": false,
                "to_port": 0
              }
            ],
            "id": "sg-03c79f89ec2d865c0",
            "ingress": [
              {
                "cidr_blocks": [],
                "description": "Allow cluster control plane to receive communication from worker nodes",
                "from_port": 443,
                "ipv6_cidr_blocks": [],
                "prefix_list_ids": [],
                "protocol": "tcp",
                "security_groups": [
                  "sg-0ea2d08eab749f9fd"
                ],
                "self": false,
                "to_port": 443
              }
            ],
            "name": "eks-cluster-sg",
            "name_prefix": "",
            "owner_id": "180840261837",
            "region": "us-east-2",
            "revoke_rules_on_delete": false,
            "tags": {
              "Name": "uniops-saas-dev-eks-cluster-sg"
            },
            "tags_all": {
              "Name": "uniops-saas-dev-eks-cluster-sg"
            },
            "timeouts": null,
            "vpc_id": "vpc-0a0073d556bd28a55"
          },
          "sensitive_attributes": [],
          "identity_schema_version": 0,
          "identity": {
            "account_id": "180840261837",
            "id": "sg-03c79f89ec2d865c0",
            "region": "us-east-2"
          },
          "private": "eyJlMmJmYjczMC1lY2FhLTExZTYtOGY4OC0zNDM2M2JjN2M0YzAiOnsiY3JlYXRlIjo2MDAwMDAwMDAwMDAsImRlbGV0ZSI6OTAwMDAwMDAwMDAwfSwic2NoZW1hX3ZlcnNpb24iOiIxIn0=",
          "dependencies": [
            "module.networking.aws_vpc.main"
          ]
        }
      ]
    },
    {
      "module": "module.eks",
      "mode": "managed",
      "type": "kubernetes_namespace_v1",
      "name": "uniops",
      "provider": "module.eks.provider[\"registry.terraform.io/hashicorp/kubernetes\"]",
      "instances": [
        {
          "schema_version": 0,
          "attributes": {
            "id": "uniops",
            "metadata": [
              {
                "annotations": {},
                "generate_name": "",
                "generation": 0,
                "labels": {
                  "app.kubernetes.io/managed-by": "kustomize",
                  "app.kubernetes.io/name": "uniops",
                  "app.kubernetes.io/part-of": "uniops"
                },
                "name": "uniops",
                "resource_version": "689316",
                "uid": "a93071da-bbba-40b0-8b5f-93202e7e44e0"
              }
            ],
            "timeouts": null,
            "wait_for_default_service_account": false
          },
          "sensitive_attributes": [],
          "identity_schema_version": 1,
          "identity": {
            "api_version": "v1",
            "kind": "Namespace",
            "name": "uniops"
          },
          "private": "eyJlMmJmYjczMC1lY2FhLTExZTYtOGY4OC0zNDM2M2JjN2M0YzAiOnsiZGVsZXRlIjozMDAwMDAwMDAwMDB9fQ==",
          "dependencies": [
            "module.eks.aws_eks_cluster.main",
            "module.eks.aws_iam_role.cluster",
            "module.eks.aws_iam_role_policy_attachment.cluster_AmazonEKSClusterPolicy",
            "module.eks.aws_security_group.eks_cluster",
            "module.networking.aws_subnet.private",
            "module.networking.aws_vpc.main"
          ]
        }
      ]
    },
    {
      "module": "module.networking",
      "mode": "managed",
      "type": "aws_subnet",
      "name": "private",
      "provider": "provider[\"registry.terraform.io/hashicorp/aws\"]",
      "instances": [
        {
          "index_key": "us-east-2a",
          "schema_version": 1,
          "attributes": {
            "arn": "arn:aws:ec2:us-east-2:180840261837:subnet/subnet-0bf53bbc9eb9a6a21",
            "assign_ipv6_address_on_creation": false,
            "availability_zone": "us-east-2a",
            "availability_zone_id": "use2-az1",
            "cidr_block": "10.0.3.0/24",
            "customer_owned_ipv4_pool": "",
            "enable_dns64": false,
            "enable_lni_at_device_index": 0,
            "enable_resource_name_dns_a_record_on_launch": false,
            "enable_resource_name_dns_aaaa_record_on_launch": false,
            "id": "subnet-0bf53bbc9eb9a6a21",
            "ipv4_ipam_pool_id": null,
            "ipv4_netmask_length": null,
            "ipv6_cidr_block": "",
            "ipv6_cidr_block_association_id": "",
            "ipv6_ipam_pool_id": null,
            "ipv6_native": false,
            "ipv6_netmask_length": null,
            "map_customer_owned_ip_on_launch": false,
            "map_public_ip_on_launch": false,
            "outpost_arn": "",
            "owner_id": "180840261837",
            "private_dns_hostname_type_on_launch": "ip-name",
            "region": "us-east-2",
            "tags": {
              "Name": "uniops-saas-dev-private-us-east-2a"
            },
            "tags_all": {
              "Name": "uniops-saas-dev-private-us-east-2a"
            },
            "timeouts": null,
            "vpc_id": "vpc-0a0073d556bd28a55"
          },
          "sensitive_attributes": [],
          "identity_schema_version": 0,
          "identity": {
            "account_id": "180840261837",
            "id": "subnet-0bf53bbc9eb9a6a21",
            "region": "us-east-2"
          },
          "private": "eyJlMmJmYjczMC1lY2FhLTExZTYtOGY4OC0zNDM2M2JjN2M0YzAiOnsiY3JlYXRlIjo2MDAwMDAwMDAwMDAsImRlbGV0ZSI6MTIwMDAwMDAwMDAwMH0sInNjaGVtYV92ZXJzaW9uIjoiMSJ9",
          "dependencies": [
            "module.networking.aws_vpc.main"
          ]
        },
        {
          "index_key": "us-east-2b",
          "schema_version": 1,
          "attributes": {
            "arn": "arn:aws:ec2:us-east-2:180840261837:subnet/subnet-01f39508548a5e1d4",
            "assign_ipv6_address_on_creation": false,
            "availability_zone": "us-east-2b",
            "availability_zone_id": "use2-az2",
            "cidr_block": "10.0.4.0/24",
            "customer_owned_ipv4_pool": "",
            "enable_dns64": false,
            "enable_lni_at_device_index": 0,
            "enable_resource_name_dns_a_record_on_launch": false,
            "enable_resource_name_dns_aaaa_record_on_launch": false,
            "id": "subnet-01f39508548a5e1d4",
            "ipv4_ipam_pool_id": null,
            "ipv4_netmask_length": null,
            "ipv6_cidr_block": "",
            "ipv6_cidr_block_association_id": "",
            "ipv6_ipam_pool_id": null,
            "ipv6_native": false,
            "ipv6_netmask_length": null,
            "map_customer_owned_ip_on_launch": false,
            "map_public_ip_on_launch": false,
            "outpost_arn": "",
            "owner_id": "180840261837",
            "private_dns_hostname_type_on_launch": "ip-name",
            "region": "us-east-2",
            "tags": {
              "Name": "uniops-saas-dev-private-us-east-2b"
            },
            "tags_all": {
              "Name": "uniops-saas-dev-private-us-east-2b"
            },
            "timeouts": null,
            "vpc_id": "vpc-0a0073d556bd28a55"
          },
          "sensitive_attributes": [],
          "identity_schema_version": 0,
          "identity": {
            "account_id": "180840261837",
            "id": "subnet-01f39508548a5e1d4",
            "region": "us-east-2"
          },
          "private": "eyJlMmJmYjczMC1lY2FhLTExZTYtOGY4OC0zNDM2M2JjN2M0YzAiOnsiY3JlYXRlIjo2MDAwMDAwMDAwMDAsImRlbGV0ZSI6MTIwMDAwMDAwMDAwMH0sInNjaGVtYV92ZXJzaW9uIjoiMSJ9",
          "dependencies": [
            "module.networking.aws_vpc.main"
          ]
        }
      ]
    },
    {
      "module": "module.networking",
      "mode": "managed",
      "type": "aws_vpc",
      "name": "main",
      "provider": "provider[\"registry.terraform.io/hashicorp/aws\"]",
      "instances": [
        {
          "schema_version": 1,
          "attributes": {
            "arn": "arn:aws:ec2:us-east-2:180840261837:vpc/vpc-0a0073d556bd28a55",
            "assign_generated_ipv6_cidr_block": false,
            "cidr_block": "10.0.0.0/16",
            "default_network_acl_id": "acl-0f9b5bd894844948b",
            "default_route_table_id": "rtb-0e81e0d6fc0b8e1c9",
            "default_security_group_id": "sg-0ba5c8fcfe5996a7d",
            "dhcp_options_id": "dopt-03b035ee23e43dd18",
            "enable_dns_hostnames": true,
            "enable_dns_support": true,
            "enable_network_address_usage_metrics": false,
            "id": "vpc-0a0073d556bd28a55",
            "instance_tenancy": "default",
            "ipv4_ipam_pool_id": null,
            "ipv4_netmask_length": null,
            "ipv6_association_id": "",
            "ipv6_cidr_block": "",
            "ipv6_cidr_block_network_border_group": "",
            "ipv6_ipam_pool_id": "",
            "ipv6_netmask_length": 0,
            "main_route_table_id": "rtb-0e81e0d6fc0b8e1c9",
            "owner_id": "180840261837",
            "region": "us-east-2",
            "tags": {
              "Name": "uniops-saas-dev-vpc"
            },
            "tags_all": {
              "Name": "uniops-saas-dev-vpc"
            }
          },
          "sensitive_attributes": [],
          "identity_schema_version": 0,
          "identity": {
            "account_id": "180840261837",
            "id": "vpc-0a0073d556bd28a55",
            "region": "us-east-2"
          },
          "private": "eyJzY2hlbWFfdmVyc2lvbiI6IjEifQ=="
        }
      ]
    },
    {
      "module": "module.security",
      "mode": "data",
      "type": "aws_caller_identity",
      "name": "current",
      "provider": "provider[\"registry.terraform.io/hashicorp/aws\"]",
      "instances": [
        {
          "schema_version": 0,
          "attributes": {
            "account_id": "180840261837",
            "arn": "arn:aws:iam::180840261837:user/robert",
            "id": "180840261837",
            "user_id": "AIDASUGXLNDGTUW3SVSZF"
          },
          "sensitive_attributes": [],
          "identity_schema_version": 0
        }
      ]
    },
    {
      "module": "module.security",
      "mode": "data",
      "type": "aws_iam_policy_document",
      "name": "kms",
      "provider": "provider[\"registry.terraform.io/hashicorp/aws\"]",
      "instances": [
        {
          "schema_version": 0,
          "attributes": {
            "id": "1722933734",
            "json": "{\n  \"Version\": \"2012-10-17\",\n  \"Statement\": [\n    {\n      \"Sid\": \"Enable IAM User Permissions\",\n      \"Effect\": \"Allow\",\n      \"Action\": \"kms:*\",\n      \"Resource\": \"*\",\n      \"Principal\": {\n        \"AWS\": \"arn:aws:iam::180840261837:root\"\n      }\n    },\n    {\n      \"Sid\": \"Allow EKS Service Linked Role\",\n      \"Effect\": \"Allow\",\n      \"Action\": [\n        \"kms:ReEncrypt*\",\n        \"kms:GenerateDataKey*\",\n        \"kms:Encrypt\",\n        \"kms:DescribeKey\",\n        \"kms:Decrypt\"\n      ],\n      \"Resource\": \"*\",\n      \"Principal\": {\n        \"Service\": \"eks.amazonaws.com\"\n      }\n    },\n    {\n      \"Sid\": \"Allow RDS\",\n      \"Effect\": \"Allow\",\n      \"Action\": [\n        \"kms:ReEncrypt*\",\n        \"kms:GenerateDataKey*\",\n        \"kms:Encrypt\",\n        \"kms:DescribeKey\",\n        \"kms:Decrypt\"\n      ],\n      \"Resource\": \"*\",\n      \"Principal\": {\n        \"Service\": \"rds.amazonaws.com\"\n      }\n    },\n    {\n      \"Sid\": \"Allow EC2\",\n      \"Effect\": \"Allow\",\n      \"Action\": [\n        \"kms:ReEncrypt*\",\n        \"kms:GenerateDataKey*\",\n        \"kms:Encrypt\",\n        \"kms:DescribeKey\",\n        \"kms:Decrypt\"\n      ],\n      \"Resource\": \"*\",\n      \"Principal\": {\n        \"Service\": \"ec2.amazonaws.com\"\n      }\n    }\n  ]\n}",
            "minified_json": "{\"Version\":\"2012-10-17\",\"Statement\":[{\"Sid\":\"Enable IAM User Permissions\",\"Effect\":\"Allow\",\"Action\":\"kms:*\",\"Resource\":\"*\",\"Principal\":{\"AWS\":\"arn:aws:iam::180840261837:root\"}},{\"Sid\":\"Allow EKS Service Linked Role\",\"Effect\":\"Allow\",\"Action\":[\"kms:ReEncrypt*\",\"kms:GenerateDataKey*\",\"kms:Encrypt\",\"kms:DescribeKey\",\"kms:Decrypt\"],\"Resource\":\"*\",\"Principal\":{\"Service\":\"eks.amazonaws.com\"}},{\"Sid\":\"Allow RDS\",\"Effect\":\"Allow\",\"Action\":[\"kms:ReEncrypt*\",\"kms:GenerateDataKey*\",\"kms:Encrypt\",\"kms:DescribeKey\",\"kms:Decrypt\"],\"Resource\":\"*\",\"Principal\":{\"Service\":\"rds.amazonaws.com\"}},{\"Sid\":\"Allow EC2\",\"Effect\":\"Allow\",\"Action\":[\"kms:ReEncrypt*\",\"kms:GenerateDataKey*\",\"kms:Encrypt\",\"kms:DescribeKey\",\"kms:Decrypt\"],\"Resource\":\"*\",\"Principal\":{\"Service\":\"ec2.amazonaws.com\"}}]}",
            "override_json": null,
            "override_policy_documents": null,
            "policy_id": null,
            "source_json": null,
            "source_policy_documents": null,
            "statement": [
              {
                "actions": [
                  "kms:*"
                ],
                "condition": [],
                "effect": "Allow",
                "not_actions": [],
                "not_principals": [],
                "not_resources": [],
                "principals": [
                  {
                    "identifiers": [
                      "arn:aws:iam::180840261837:root"
                    ],
                    "type": "AWS"
                  }
                ],
                "resources": [
                  "*"
                ],
                "sid": "Enable IAM User Permissions"
              },
              {
                "actions": [
                  "kms:Decrypt",
                  "kms:DescribeKey",
                  "kms:Encrypt",
                  "kms:GenerateDataKey*",
                  "kms:ReEncrypt*"
                ],
                "condition": [],
                "effect": "Allow",
                "not_actions": [],
                "not_principals": [],
                "not_resources": [],
                "principals": [
                  {
                    "identifiers": [
                      "eks.amazonaws.com"
                    ],
                    "type": "Service"
                  }
                ],
                "resources": [
                  "*"
                ],
                "sid": "Allow EKS Service Linked Role"
              },
              {
                "actions": [
                  "kms:Decrypt",
                  "kms:DescribeKey",
                  "kms:Encrypt",
                  "kms:GenerateDataKey*",
                  "kms:ReEncrypt*"
                ],
                "condition": [],
                "effect": "Allow",
                "not_actions": [],
                "not_principals": [],
                "not_resources": [],
                "principals": [
                  {
                    "identifiers": [
                      "rds.amazonaws.com"
                    ],
                    "type": "Service"
                  }
                ],
                "resources": [
                  "*"
                ],
                "sid": "Allow RDS"
              },
              {
                "actions": [
                  "kms:Decrypt",
                  "kms:DescribeKey",
                  "kms:Encrypt",
                  "kms:GenerateDataKey*",
                  "kms:ReEncrypt*"
                ],
                "condition": [],
                "effect": "Allow",
                "not_actions": [],
                "not_principals": [],
                "not_resources": [],
                "principals": [
                  {
                    "identifiers": [
                      "ec2.amazonaws.com"
                    ],
                    "type": "Service"
                  }
                ],
                "resources": [
                  "*"
                ],
                "sid": "Allow EC2"
              }
            ],
            "version": "2012-10-17"
          },
          "sensitive_attributes": [],
          "identity_schema_version": 0
        }
      ]
    },
    {
      "module": "module.security",
      "mode": "managed",
      "type": "aws_backup_vault",
      "name": "main",
      "provider": "provider[\"registry.terraform.io/hashicorp/aws\"]",
      "instances": [
        {
          "schema_version": 0,
          "attributes": {
            "arn": "arn:aws:backup:us-east-2:180840261837:backup-vault:uniops-backup-vault-dev",
            "force_destroy": false,
            "id": "uniops-backup-vault-dev",
            "kms_key_arn": "arn:aws:kms:us-east-2:180840261837:key/7bd084cd-050d-40f8-9929-3ed18be1536a",
            "name": "uniops-backup-vault-dev",
            "recovery_points": 6,
            "region": "us-east-2",
            "tags": {},
            "tags_all": {},
            "timeouts": null
          },
          "sensitive_attributes": [],
          "identity_schema_version": 0,
          "private": "eyJlMmJmYjczMC1lY2FhLTExZTYtOGY4OC0zNDM2M2JjN2M0YzAiOnsiZGVsZXRlIjo2MDAwMDAwMDAwMDB9fQ==",
          "dependencies": [
            "module.security.aws_kms_key.uniops",
            "module.security.data.aws_caller_identity.current",
            "module.security.data.aws_iam_policy_document.kms"
          ]
        }
      ]
    },
    {
      "module": "module.security",
      "mode": "managed",
      "type": "aws_kms_key",
      "name": "uniops",
      "provider": "provider[\"registry.terraform.io/hashicorp/aws\"]",
      "instances": [
        {
          "schema_version": 0,
          "attributes": {
            "arn": "arn:aws:kms:us-east-2:180840261837:key/7bd084cd-050d-40f8-9929-3ed18be1536a",
            "bypass_policy_lockout_safety_check": false,
            "custom_key_store_id": "",
            "customer_master_key_spec": "SYMMETRIC_DEFAULT",
            "deletion_window_in_days": 7,
            "description": "KMS key for UniOps dev environment encryption",
            "enable_key_rotation": true,
            "id": "7bd084cd-050d-40f8-9929-3ed18be1536a",
            "is_enabled": true,
            "key_id": "7bd084cd-050d-40f8-9929-3ed18be1536a",
            "key_usage": "ENCRYPT_DECRYPT",
            "multi_region": false,
            "policy": "{\"Statement\":[{\"Action\":\"kms:*\",\"Effect\":\"Allow\",\"Principal\":{\"AWS\":\"arn:aws:iam::180840261837:root\"},\"Resource\":\"*\",\"Sid\":\"Enable IAM User Permissions\"},{\"Action\":[\"kms:ReEncrypt*\",\"kms:GenerateDataKey*\",\"kms:Encrypt\",\"kms:DescribeKey\",\"kms:Decrypt\"],\"Effect\":\"Allow\",\"Principal\":{\"Service\":\"eks.amazonaws.com\"},\"Resource\":\"*\",\"Sid\":\"Allow EKS Service Linked Role\"},{\"Action\":[\"kms:ReEncrypt*\",\"kms:GenerateDataKey*\",\"kms:Encrypt\",\"kms:DescribeKey\",\"kms:Decrypt\"],\"Effect\":\"Allow\",\"Principal\":{\"Service\":\"rds.amazonaws.com\"},\"Resource\":\"*\",\"Sid\":\"Allow RDS\"},{\"Action\":[\"kms:ReEncrypt*\",\"kms:GenerateDataKey*\",\"kms:Encrypt\",\"kms:DescribeKey\",\"kms:Decrypt\"],\"Effect\":\"Allow\",\"Principal\":{\"Service\":\"ec2.amazonaws.com\"},\"Resource\":\"*\",\"Sid\":\"Allow EC2\"}],\"Version\":\"2012-10-17\"}",
            "region": "us-east-2",
            "rotation_period_in_days": 365,
            "tags": {
              "Name": "uniops-dev-key"
            },
            "tags_all": {
              "Name": "uniops-dev-key"
            },
            "timeouts": null,
            "xks_key_id": ""
          },
          "sensitive_attributes": [],
          "identity_schema_version": 0,
          "identity": {
            "account_id": "180840261837",
            "id": "7bd084cd-050d-40f8-9929-3ed18be1536a",
            "region": "us-east-2"
          },
          "private": "eyJlMmJmYjczMC1lY2FhLTExZTYtOGY4OC0zNDM2M2JjN2M0YzAiOnsiY3JlYXRlIjoxMjAwMDAwMDAwMDB9fQ==",
          "dependencies": [
            "module.security.data.aws_caller_identity.current",
            "module.security.data.aws_iam_policy_document.kms"
          ]
        }
      ]
    }
  ],
  "check_results": null
}
